// !$*UTF8*$!
{
	archiveVersion = 1;
	classes = {
	};
	objectVersion = 46;
	objects = {

/* Begin PBXBuildFile section */
		39C9DCD91B8EAD970029E912 /* main.m in Sources */ = {isa = PBXBuildFile; fileRef = 39C9DCD81B8EAD970029E912 /* main.m */; };
		39C9DCDC1B8EAD970029E912 /* AppDelegate.m in Sources */ = {isa = PBXBuildFile; fileRef = 39C9DCDB1B8EAD970029E912 /* AppDelegate.m */; };
		39C9DCDF1B8EAD970029E912 /* ViewController.m in Sources */ = {isa = PBXBuildFile; fileRef = 39C9DCDE1B8EAD970029E912 /* ViewController.m */; };
		39C9DCE21B8EAD970029E912 /* Main.storyboard in Resources */ = {isa = PBXBuildFile; fileRef = 39C9DCE01B8EAD970029E912 /* Main.storyboard */; };
		39C9DCE41B8EAD970029E912 /* Images.xcassets in Resources */ = {isa = PBXBuildFile; fileRef = 39C9DCE31B8EAD970029E912 /* Images.xcassets */; };
		39C9DCE71B8EAD970029E912 /* LaunchScreen.xib in Resources */ = {isa = PBXBuildFile; fileRef = 39C9DCE51B8EAD970029E912 /* LaunchScreen.xib */; };
		39C9DCF31B8EAD970029E912 /* Cell____Tests.m in Sources */ = {isa = PBXBuildFile; fileRef = 39C9DCF21B8EAD970029E912 /* Cell____Tests.m */; };
/* End PBXBuildFile section */

/* Begin PBXContainerItemProxy section */
		39C9DCED1B8EAD970029E912 /* PBXContainerItemProxy */ = {
			isa = PBXContainerItemProxy;
			containerPortal = 39C9DCCB1B8EAD970029E912 /* Project object */;
			proxyType = 1;
			remoteGlobalIDString = 39C9DCD21B8EAD970029E912;
			remoteInfo = "Cell侧滑删除";
		};
/* End PBXContainerItemProxy section */

/* Begin PBXFileReference section */
		39C9DCD31B8EAD970029E912 /* Cell侧滑删除.app */ = {isa = PBXFileReference; explicitFileType = wrapper.application; includeInIndex = 0; path = "Cell侧滑删除.app"; sourceTree = BUILT_PRODUCTS_DIR; };
		39C9DCD71B8EAD970029E912 /* Info.plist */ = {isa = PBXFileReference; lastKnownFileType = text.plist.xml; path = Info.plist; sourceTree = "<group>"; };
		39C9DCD81B8EAD970029E912 /* main.m */ = {isa = PBXFileReference; lastKnownFileType = sourcecode.c.objc; path = main.m; sourceTree = "<group>"; };
		39C9DCDA1B8EAD970029E912 /* AppDelegate.h */ = {isa = PBXFileReference; lastKnownFileType = sourcecode.c.h; path = AppDelegate.h; sourceTree = "<group>"; };
		39C9DCDB1B8EAD970029E912 /* AppDelegate.m */ = {isa = PBXFileReference; lastKnownFileType = sourcecode.c.objc; path = AppDelegate.m; sourceTree = "<group>"; };
		39C9DCDD1B8EAD970029E912 /* ViewController.h */ = {isa = PBXFileReference; lastKnownFileType = sourcecode.c.h; path = ViewController.h; sourceTree = "<group>"; };
		39C9DCDE1B8EAD970029E912 /* ViewController.m */ = {isa = PBXFileReference; lastKnownFileType = sourcecode.c.objc; path = ViewController.m; sourceTree = "<group>"; };
		39C9DCE11B8EAD970029E912 /* Base */ = {isa = PBXFileReference; lastKnownFileType = file.storyboard; name = Base; path = Base.lproj/Main.storyboard; sourceTree = "<group>"; };
		39C9DCE31B8EAD970029E912 /* Images.xcassets */ = {isa = PBXFileReference; lastKnownFileType = folder.assetcatalog; path = Images.xcassets; sourceTree = "<group>"; };
		39C9DCE61B8EAD970029E912 /* Base */ = {isa = PBXFileReference; lastKnownFileType = file.xib; name = Base; path = Base.lproj/LaunchScreen.xib; sourceTree = "<group>"; };
		39C9DCEC1B8EAD970029E912 /* Cell侧滑删除Tests.xctest */ = {isa = PBXFileReference; explicitFileType = wrapper.cfbundle; includeInIndex = 0; path = "Cell侧滑删除Tests.xctest"; sourceTree = BUILT_PRODUCTS_DIR; };
		39C9DCF11B8EAD970029E912 /* Info.plist */ = {isa = PBXFileReference; lastKnownFileType = text.plist.xml; path = Info.plist; sourceTree = "<group>"; };
		39C9DCF21B8EAD970029E912 /* Cell____Tests.m */ = {isa = PBXFileReference; lastKnownFileType = sourcecode.c.objc; path = "Cell____Tests.m"; sourceTree = "<group>"; };
/* End PBXFileReference section */

/* Begin PBXFrameworksBuildPhase section */
		39C9DCD01B8EAD970029E912 /* Frameworks */ = {
			isa = PBXFrameworksBuildPhase;
			buildActionMask = 2147483647;
			files = (
			);
			runOnlyForDeploymentPostprocessing = 0;
		};
		39C9DCE91B8EAD970029E912 /* Frameworks */ = {
			isa = PBXFrameworksBuildPhase;
			buildActionMask = 2147483647;
			files = (
			);
			runOnlyForDeploymentPostprocessing = 0;
		};
/* End PBXFrameworksBuildPhase section */

/* Begin PBXGroup section */
		39C9DCCA1B8EAD970029E912 = {
			isa = PBXGroup;
			children = (
				39C9DCD51B8EAD970029E912 /* Cell侧滑删除 */,
				39C9DCEF1B8EAD970029E912 /* Cell侧滑删除Tests */,
				39C9DCD41B8EAD970029E912 /* Products */,
			);
			sourceTree = "<group>";
		};
		39C9DCD41B8EAD970029E912 /* Products */ = {
			isa = PBXGroup;
			children = (
				39C9DCD31B8EAD970029E912 /* Cell侧滑删除.app */,
				39C9DCEC1B8EAD970029E912 /* Cell侧滑删除Tests.xctest */,
			);
			name = Products;
			sourceTree = "<group>";
		};
		39C9DCD51B8EAD970029E912 /* Cell侧滑删除 */ = {
			isa = PBXGroup;
			children = (
				39C9DCDA1B8EAD970029E912 /* AppDelegate.h */,
				39C9DCDB1B8EAD970029E912 /* AppDelegate.m */,
				39C9DCDD1B8EAD970029E912 /* ViewController.h */,
				39C9DCDE1B8EAD970029E912 /* ViewController.m */,
				39C9DCE01B8EAD970029E912 /* Main.storyboard */,
				39C9DCE31B8EAD970029E912 /* Images.xcassets */,
				39C9DCE51B8EAD970029E912 /* LaunchScreen.xib */,
				39C9DCD61B8EAD970029E912 /* Supporting Files */,
			);
			path = "Cell侧滑删除";
			sourceTree = "<group>";
		};
		39C9DCD61B8EAD970029E912 /* Supporting Files */ = {
			isa = PBXGroup;
			children = (
				39C9DCD71B8EAD970029E912 /* Info.plist */,
				39C9DCD81B8EAD970029E912 /* main.m */,
			);
			name = "Supporting Files";
			sourceTree = "<group>";
		};
		39C9DCEF1B8EAD970029E912 /* Cell侧滑删除Tests */ = {
			isa = PBXGroup;
			children = (
				39C9DCF21B8EAD970029E912 /* Cell____Tests.m */,
				39C9DCF01B8EAD970029E912 /* Supporting Files */,
			);
			path = "Cell侧滑删除Tests";
			sourceTree = "<group>";
		};
		39C9DCF01B8EAD970029E912 /* Supporting Files */ = {
			isa = PBXGroup;
			children = (
				39C9DCF11B8EAD970029E912 /* Info.plist */,
			);
			name = "Supporting Files";
			sourceTree = "<group>";
		};
/* End PBXGroup section */

/* Begin PBXNativeTarget section */
		39C9DCD21B8EAD970029E912 /* Cell侧滑删除 */ = {
			isa = PBXNativeTarget;
			buildConfigurationList = 39C9DCF61B8EAD970029E912 /* Build configuration list for PBXNativeTarget "Cell侧滑删除" */;
			buildPhases = (
				39C9DCCF1B8EAD970029E912 /* Sources */,
				39C9DCD01B8EAD970029E912 /* Frameworks */,
				39C9DCD11B8EAD970029E912 /* Resources */,
			);
			buildRules = (
			);
			dependencies = (
			);
			name = "Cell侧滑删除";
			productName = "Cell侧滑删除";
			productReference = 39C9DCD31B8EAD970029E912 /* Cell侧滑删除.app */;
			productType = "com.apple.product-type.application";
		};
		39C9DCEB1B8EAD970029E912 /* Cell侧滑删除Tests */ = {
			isa = PBXNativeTarget;
			buildConfigurationList = 39C9DCF91B8EAD970029E912 /* Build configuration list for PBXNativeTarget "Cell侧滑删除Tests" */;
			buildPhases = (
				39C9DCE81B8EAD970029E912 /* Sources */,
				39C9DCE91B8EAD970029E912 /* Frameworks */,
				39C9DCEA1B8EAD970029E912 /* Resources */,
			);
			buildRules = (
			);
			dependencies = (
				39C9DCEE1B8EAD970029E912 /* PBXTargetDependency */,
			);
			name = "Cell侧滑删除Tests";
			productName = "Cell侧滑删除Tests";
			productReference = 39C9DCEC1B8EAD970029E912 /* Cell侧滑删除Tests.xctest */;
			productType = "com.apple.product-type.bundle.unit-test";
		};
/* End PBXNativeTarget section */

/* Begin PBXProject section */
		39C9DCCB1B8EAD970029E912 /* Project object */ = {
			isa = PBXProject;
			attributes = {
				LastUpgradeCheck = 0640;
				ORGANIZATIONNAME = min;
				TargetAttributes = {
					39C9DCD21B8EAD970029E912 = {
						CreatedOnToolsVersion = 6.4;
					};
					39C9DCEB1B8EAD970029E912 = {
						CreatedOnToolsVersion = 6.4;
						TestTargetID = 39C9DCD21B8EAD970029E912;
					};
				};
			};
			buildConfigurationList = 39C9DCCE1B8EAD970029E912 /* Build configuration list for PBXProject "Cell侧滑删除" */;
			compatibilityVersion = "Xcode 3.2";
			developmentRegion = English;
			hasScannedForEncodings = 0;
			knownRegions = (
				en,
				Base,
			);
			mainGroup = 39C9DCCA1B8EAD970029E912;
			productRefGroup = 39C9DCD41B8EAD970029E912 /* Products */;
			projectDirPath = "";
			projectRoot = "";
			targets = (
				39C9DCD21B8EAD970029E912 /* Cell侧滑删除 */,
				39C9DCEB1B8EAD970029E912 /* Cell侧滑删除Tests */,
			);
		};
/* End PBXProject section */

/* Begin PBXResourcesBuildPhase section */
		39C9DCD11B8EAD970029E912 /* Resources */ = {
			isa = PBXResourcesBuildPhase;
			buildActionMask = 2147483647;
			files = (
				39C9DCE21B8EAD970029E912 /* Main.storyboard in Resources */,
				39C9DCE71B8EAD970029E912 /* LaunchScreen.xib in Resources */,
				39C9DCE41B8EAD970029E912 /* Images.xcassets in Resources */,
			);
			runOnlyForDeploymentPostprocessing = 0;
		};
		39C9DCEA1B8EAD970029E912 /* Resources */ = {
			isa = PBXResourcesBuildPhase;
			buildActionMask = 2147483647;
			files = (
			);
			runOnlyForDeploymentPostprocessing = 0;
		};
/* End PBXResourcesBuildPhase section */

/* Begin PBXSourcesBuildPhase section */
		39C9DCCF1B8EAD970029E912 /* Sources */ = {
			isa = PBXSourcesBuildPhase;
			buildActionMask = 2147483647;
			files = (
				39C9DCDF1B8EAD970029E912 /* ViewController.m in Sources */,
				39C9DCDC1B8EAD970029E912 /* AppDelegate.m in Sources */,
				39C9DCD91B8EAD970029E912 /* main.m in Sources */,
			);
			runOnlyForDeploymentPostprocessing = 0;
		};
		39C9DCE81B8EAD970029E912 /* Sources */ = {
			isa = PBXSourcesBuildPhase;
			buildActionMask = 2147483647;
			files = (
				39C9DCF31B8EAD970029E912 /* Cell____Tests.m in Sources */,
			);
			runOnlyForDeploymentPostprocessing = 0;
		};
/* End PBXSourcesBuildPhase section */

/* Begin PBXTargetDependency section */
		39C9DCEE1B8EAD970029E912 /* PBXTargetDependency */ = {
			isa = PBXTargetDependency;
			target = 39C9DCD21B8EAD970029E912 /* Cell侧滑删除 */;
			targetProxy = 39C9DCED1B8EAD970029E912 /* PBXContainerItemProxy */;
		};
/* End PBXTargetDependency section */

/* Begin PBXVariantGroup section */
		39C9DCE01B8EAD970029E912 /* Main.storyboard */ = {
			isa = PBXVariantGroup;
			children = (
				39C9DCE11B8EAD970029E912 /* Base */,
			);
			name = Main.storyboard;
			sourceTree = "<group>";
		};
		39C9DCE51B8EAD970029E912 /* LaunchScreen.xib */ = {
			isa = PBXVariantGroup;
			children = (
				39C9DCE61B8EAD970029E912 /* Base */,
			);
			name = LaunchScreen.xib;
			sourceTree = "<group>";
		};
/* End PBXVariantGroup section */

/* Begin XCBuildConfiguration section */
		39C9DCF41B8EAD970029E912 /* Debug */ = {
			isa = XCBuildConfiguration;
			buildSettings = {
				ALWAYS_SEARCH_USER_PATHS = NO;
				CLANG_CXX_LANGUAGE_STANDARD = "gnu++0x";
				CLANG_CXX_LIBRARY = "libc++";
				CLANG_ENABLE_MODULES = YES;
				CLANG_ENABLE_OBJC_ARC = YES;
				CLANG_WARN_BOOL_CONVERSION = YES;
				CLANG_WARN_CONSTANT_CONVERSION = YES;
				CLANG_WARN_DIRECT_OBJC_ISA_USAGE = YES_ERROR;
				CLANG_WARN_EMPTY_BODY = YES;
				CLANG_WARN_ENUM_CONVERSION = YES;
				CLANG_WARN_INT_CONVERSION = YES;
				CLANG_WARN_OBJC_ROOT_CLASS = YES_ERROR;
				CLANG_WARN_UNREACHABLE_CODE = YES;
				CLANG_WARN__DUPLICATE_METHOD_MATCH = YES;
				"CODE_SIGN_IDENTITY[sdk=iphoneos*]" = "iPhone Developer";
				COPY_PHASE_STRIP = NO;
				DEBUG_INFORMATION_FORMAT = "dwarf-with-dsym";
				ENABLE_STRICT_OBJC_MSGSEND = YES;
				GCC_C_LANGUAGE_STANDARD = gnu99;
				GCC_DYNAMIC_NO_PIC = NO;
				GCC_NO_COMMON_BLOCKS = YES;
				GCC_OPTIMIZATION_LEVEL = 0;
				GCC_PREPROCESSOR_DEFINITIONS = (
					"DEBUG=1",
					"$(inherited)",
				);
				GCC_SYMBOLS_PRIVATE_EXTERN = NO;
				GCC_WARN_64_TO_32_BIT_CONVERSION = YES;
				GCC_WARN_ABOUT_RETURN_TYPE = YES_ERROR;
				GCC_WARN_UNDECLARED_SELECTOR = YES;
				GCC_WARN_UNINITIALIZED_AUTOS = YES_AGGRESSIVE;
				GCC_WARN_UNUSED_FUNCTION = YES;
				GCC_WARN_UNUSED_VARIABLE = YES;
				IPHONEOS_DEPLOYMENT_TARGET = 8.4;
				MTL_ENABLE_DEBUG_INFO = YES;
				ONLY_ACTIVE_ARCH = YES;
				SDKROOT = iphoneos;
				TARGETED_DEVICE_FAMILY = "1,2";
			};
			name = Debug;
		};
		39C9DCF51B8EAD970029E912 /* Release */ = {
			isa = XCBuildConfiguration;
			buildSettings = {
				ALWAYS_SEARCH_USER_PATHS = NO;
				CLANG_CXX_LANGUAGE_STANDARD = "gnu++0x";
				CLANG_CXX_LIBRARY = "libc++";
				CLANG_ENABLE_MODULES = YES;
				CLANG_ENABLE_OBJC_ARC = YES;
				CLANG_WARN_BOOL_CONVERSION = YES;
				CLANG_WARN_CONSTANT_CONVERSION = YES;
				CLANG_WARN_DIRECT_OBJC_ISA_USAGE = YES_ERROR;
				CLANG_WARN_EMPTY_BODY = YES;
				CLANG_WARN_ENUM_CONVERSION = YES;
				CLANG_WARN_INT_CONVERSION = YES;
				CLANG_WARN_OBJC_ROOT_CLASS = YES_ERROR;
				CLANG_WARN_UNREACHABLE_CODE = YES;
				CLANG_WARN__DUPLICATE_METHOD_MATCH = YES;
				"CODE_SIGN_IDENTITY[sdk=iphoneos*]" = "iPhone Developer";
				COPY_PHASE_STRIP = NO;
				DEBUG_INFORMATION_FORMAT = "dwarf-with-dsym";
				ENABLE_NS_ASSERTIONS = NO;
				ENABLE_STRICT_OBJC_MSGSEND = YES;
				GCC_C_LANGUAGE_STANDARD = gnu99;
				GCC_NO_COMMON_BLOCKS = YES;
				GCC_WARN_64_TO_32_BIT_CONVERSION = YES;
				GCC_WARN_ABOUT_RETURN_TYPE = YES_ERROR;
				GCC_WARN_UNDECLARED_SELECTOR = YES;
				GCC_WARN_UNINITIALIZED_AUTOS = YES_AGGRESSIVE;
				GCC_WARN_UNUSED_FUNCTION = YES;
				GCC_WARN_UNUSED_VARIABLE = YES;
				IPHONEOS_DEPLOYMENT_TARGET = 8.4;
				MTL_ENABLE_DEBUG_INFO = NO;
				SDKROOT = iphoneos;
				TARGETED_DEVICE_FAMILY = "1,2";
				VALIDATE_PRODUCT = YES;
			};
			name = Release;
		};
		39C9DCF71B8EAD970029E912 /* Debug */ = {
			isa = XCBuildConfiguration;
			buildSettings = {
				ASSETCATALOG_COMPILER_APPICON_NAME = AppIcon;
				INFOPLIST_FILE = "Cell侧滑删除/Info.plist";
				LD_RUNPATH_SEARCH_PATHS = "$(inherited) @executable_path/Frameworks";
				PRODUCT_NAME = "$(TARGET_NAME)";
			};
			name = Debug;
		};
		39C9DCF81B8EAD970029E912 /* Release */ = {
			isa = XCBuildConfiguration;
			buildSettings = {
				ASSETCATALOG_COMPILER_APPICON_NAME = AppIcon;
				INFOPLIST_FILE = "Cell侧滑删除/Info.plist";
				LD_RUNPATH_SEARCH_PATHS = "$(inherited) @executable_path/Frameworks";
				PRODUCT_NAME = "$(TARGET_NAME)";
			};
			name = Release;
		};
		39C9DCFA1B8EAD970029E912 /* Debug */ = {
			isa = XCBuildConfiguration;
			buildSettings = {
				BUNDLE_LOADER = "$(TEST_HOST)";
				FRAMEWORK_SEARCH_PATHS = (
					"$(SDKROOT)/Developer/Library/Frameworks",
					"$(inherited)",
				);
				GCC_PREPROCESSOR_DEFINITIONS = (
					"DEBUG=1",
					"$(inherited)",
				);
				INFOPLIST_FILE = "Cell侧滑删除Tests/Info.plist";
				LD_RUNPATH_SEARCH_PATHS = "$(inherited) @executable_path/Frameworks @loader_path/Frameworks";
				PRODUCT_NAME = "$(TARGET_NAME)";
				TEST_HOST = "$(BUILT_PRODUCTS_DIR)/Cell侧滑删除.app/Cell侧滑删除";
			};
			name = Debug;
		};
		39C9DCFB1B8EAD970029E912 /* Release */ = {
			isa = XCBuildConfiguration;
			buildSettings = {
				BUNDLE_LOADER = "$(TEST_HOST)";
				FRAMEWORK_SEARCH_PATHS = (
					"$(SDKROOT)/Developer/Library/Frameworks",
					"$(inherited)",
				);
				INFOPLIST_FILE = "Cell侧滑删除Tests/Info.plist";
				LD_RUNPATH_SEARCH_PATHS = "$(inherited) @executable_path/Frameworks @loader_path/Frameworks";
				PRODUCT_NAME = "$(TARGET_NAME)";
				TEST_HOST = "$(BUILT_PRODUCTS_DIR)/Cell侧滑删除.app/Cell侧滑删除";
			};
			name = Release;
		};
/* End XCBuildConfiguration section */

/* Begin XCConfigurationList section */
		39C9DCCE1B8EAD970029E912 /* Build configuration list for PBXProject "Cell侧滑删除" */ = {
			isa = XCConfigurationList;
			buildConfigurations = (
				39C9DCF41B8EAD970029E912 /* Debug */,
				39C9DCF51B8EAD970029E912 /* Release */,
			);
			defaultConfigurationIsVisible = 0;
			defaultConfigurationName = Release;
		};
		39C9DCF61B8EAD970029E912 /* Build configuration list for PBXNativeTarget "Cell侧滑删除" */ = {
			isa = XCConfigurationList;
			buildConfigurations = (
				39C9DCF71B8EAD970029E912 /* Debug */,
				39C9DCF81B8EAD970029E912 /* Release */,
			);
			defaultConfigurationIsVisible = 0;
		};
		39C9DCF91B8EAD970029E912 /* Build configuration list for PBXNativeTarget "Cell侧滑删除Tests" */ = {
			isa = XCConfigurationList;
			buildConfigurations = (
				39C9DCFA1B8EAD970029E912 /* Debug */,
				39C9DCFB1B8EAD970029E912 /* Release */,
			);
			defaultConfigurationIsVisible = 0;
		};
/* End XCConfigurationList section */
	};
	rootObject = 39C9DCCB1B8EAD970029E912 /* Project object */;
}
